# This file is automatically @generated by Cargo.
# It is not intended for manual editing.
version = 4

[[package]]
name = "arena-boot"
version = "0.1.0"
dependencies = [
 "arena-heap",
 "arena-kernel",
 "arena-sync",
]

[[package]]
name = "arena-heap"
version = "0.1.0"

[[package]]
name = "arena-kernel"
version = "0.1.0"
dependencies = [
 "arena-heap",
 "arena-sync",
]

[[package]]
name = "arena-sync"
version = "0.1.0"
