# This file is automatically @generated by Cargo.
# It is not intended for manual editing.
version = 4

[[package]]
name = "arena-compositor-model"
version = "0.1.0"
dependencies = [
 "arena-gfxkit",
]

[[package]]
name = "arena-desktop"
version = "0.1.0"
dependencies = [
 "arena-compositor-model",
 "arena-gfxkit",
 "arena-ui",
]

[[package]]
name = "arena-gfxkit"
version = "0.1.0"

[[package]]
name = "arena-ui"
version = "0.1.0"
dependencies = [
 "arena-gfxkit",
]
